
Microsoft Visual Studio Solution File, Format Version 12.00
Project("{FAE04EC0-301F-11D3-BF4B-00C04F79EFBC}") = "AdventOfCode2023", "AdventOfCode2023\AdventOfCode2023.csproj", "{38D47D09-D726-42CF-9C9D-BC2B51FCA3C3}"
EndProject
Project("{FAE04EC0-301F-11D3-BF4B-00C04F79EFBC}") = "AdventOfCode2023.Tests", "AdventOfCode2023.Tests\AdventOfCode2023.Tests.csproj", "{7E4FE566-C722-4962-908A-5BABF8516C28}"
EndProject
Global
	GlobalSection(SolutionConfigurationPlatforms) = preSolution
		Debug|Any CPU = Debug|Any CPU
		Release|Any CPU = Release|Any CPU
	EndGlobalSection
	GlobalSection(ProjectConfigurationPlatforms) = postSolution
		{38D47D09-D726-42CF-9C9D-BC2B51FCA3C3}.Debug|Any CPU.ActiveCfg = Debug|Any CPU
		{38D47D09-D726-42CF-9C9D-BC2B51FCA3C3}.Debug|Any CPU.Build.0 = Debug|Any CPU
		{38D47D09-D726-42CF-9C9D-BC2B51FCA3C3}.Release|Any CPU.ActiveCfg = Release|Any CPU
		{38D47D09-D726-42CF-9C9D-BC2B51FCA3C3}.Release|Any CPU.Build.0 = Release|Any CPU
		{7E4FE566-C722-4962-908A-5BABF8516C28}.Debug|Any CPU.ActiveCfg = Debug|Any CPU
		{7E4FE566-C722-4962-908A-5BABF8516C28}.Debug|Any CPU.Build.0 = Debug|Any CPU
		{7E4FE566-C722-4962-908A-5BABF8516C28}.Release|Any CPU.ActiveCfg = Release|Any CPU
		{7E4FE566-C722-4962-908A-5BABF8516C28}.Release|Any CPU.Build.0 = Release|Any CPU
	EndGlobalSection
EndGlobal
